
Microsoft Visual Studio Solution File, Format Version 12.00
# Visual Studio Version 17
VisualStudioVersion = 17.0.31919.166
MinimumVisualStudioVersion = 10.0.40219.1
Project("{FAE04EC0-301F-11D3-BF4B-00C04F79EFBC}") = "Exerise 4D", "Exerise 4D.csproj", "{7CEA6AB7-A32E-47E3-B92B-5D402DD03984}"
EndProject
Global
	GlobalSection(SolutionConfigurationPlatforms) = preSolution
		Debug|Any CPU = Debug|Any CPU
		Release|Any CPU = Release|Any CPU
	EndGlobalSection
	GlobalSection(ProjectConfigurationPlatforms) = postSolution
		{7CEA6AB7-A32E-47E3-B92B-5D402DD03984}.Debug|Any CPU.ActiveCfg = Debug|Any CPU
		{7CEA6AB7-A32E-47E3-B92B-5D402DD03984}.Debug|Any CPU.Build.0 = Debug|Any CPU
		{7CEA6AB7-A32E-47E3-B92B-5D402DD03984}.Release|Any CPU.ActiveCfg = Release|Any CPU
		{7CEA6AB7-A32E-47E3-B92B-5D402DD03984}.Release|Any CPU.Build.0 = Release|Any CPU
	EndGlobalSection
	GlobalSection(SolutionProperties) = preSolution
		HideSolutionNode = FALSE
	EndGlobalSection
	GlobalSection(ExtensibilityGlobals) = postSolution
		SolutionGuid = {62B25221-4A4A-48EC-8E32-C11BBCDB09F1}
	EndGlobalSection
EndGlobal
